
Microsoft Visual Studio Solution File, Format Version 12.00
# Visual Studio Version 17
VisualStudioVersion = 17.6.33815.320
MinimumVisualStudioVersion = 10.0.40219.1
Project("{9A19103F-16F7-4668-BE54-9A1E7A4F7556}") = "BE_TranTinh", "BE_TranTinh\BE_TranTinh.csproj", "{CFF073F7-2689-40AC-9E4B-200BF1C3C852}"
EndProject
Project("{9A19103F-16F7-4668-BE54-9A1E7A4F7556}") = "CSharpBasic", "CSharpBasic\CSharpBasic.csproj", "{42F4C094-E3A0-43BE-B318-90F5E6D73084}"
EndProject
Project("{FAE04EC0-301F-11D3-BF4B-00C04F79EFBC}") = "Buoi5", "Buoi5\Buoi5.csproj", "{3C754A64-2CF1-4F8F-8A6C-11CA274BD568}"
EndProject
Global
	GlobalSection(SolutionConfigurationPlatforms) = preSolution
		Debug|Any CPU = Debug|Any CPU
		Release|Any CPU = Release|Any CPU
	EndGlobalSection
	GlobalSection(ProjectConfigurationPlatforms) = postSolution
		{CFF073F7-2689-40AC-9E4B-200BF1C3C852}.Debug|Any CPU.ActiveCfg = Debug|Any CPU
		{CFF073F7-2689-40AC-9E4B-200BF1C3C852}.Debug|Any CPU.Build.0 = Debug|Any CPU
		{CFF073F7-2689-40AC-9E4B-200BF1C3C852}.Release|Any CPU.ActiveCfg = Release|Any CPU
		{CFF073F7-2689-40AC-9E4B-200BF1C3C852}.Release|Any CPU.Build.0 = Release|Any CPU
		{42F4C094-E3A0-43BE-B318-90F5E6D73084}.Debug|Any CPU.ActiveCfg = Debug|Any CPU
		{42F4C094-E3A0-43BE-B318-90F5E6D73084}.Debug|Any CPU.Build.0 = Debug|Any CPU
		{42F4C094-E3A0-43BE-B318-90F5E6D73084}.Release|Any CPU.ActiveCfg = Release|Any CPU
		{42F4C094-E3A0-43BE-B318-90F5E6D73084}.Release|Any CPU.Build.0 = Release|Any CPU
		{3C754A64-2CF1-4F8F-8A6C-11CA274BD568}.Debug|Any CPU.ActiveCfg = Debug|Any CPU
		{3C754A64-2CF1-4F8F-8A6C-11CA274BD568}.Debug|Any CPU.Build.0 = Debug|Any CPU
		{3C754A64-2CF1-4F8F-8A6C-11CA274BD568}.Release|Any CPU.ActiveCfg = Release|Any CPU
		{3C754A64-2CF1-4F8F-8A6C-11CA274BD568}.Release|Any CPU.Build.0 = Release|Any CPU
	EndGlobalSection
	GlobalSection(SolutionProperties) = preSolution
		HideSolutionNode = FALSE
	EndGlobalSection
	GlobalSection(ExtensibilityGlobals) = postSolution
		SolutionGuid = {EDBBA756-C743-4DC4-A26A-9358112277AD}
	EndGlobalSection
EndGlobal
